
Microsoft Visual Studio Solution File, Format Version 12.00
# Visual Studio 15
VisualStudioVersion = 15.0.28307.168
MinimumVisualStudioVersion = 10.0.40219.1
Project("{9A19103F-16F7-4668-BE54-9A1E7A4F7556}") = "ClassiUtiliClassLibrary", "ClassiUtiliClassLibrary\ClassiUtiliClassLibrary.csproj", "{00F945BA-3E03-4E6B-BDEB-0371CC3443EA}"
EndProject
Project("{9A19103F-16F7-4668-BE54-9A1E7A4F7556}") = "ConsoleAppUI", "ConsoleAppUI\ConsoleAppUI.csproj", "{E35F5E68-64D1-40AF-B200-856FD7D660C3}"
EndProject
Project("{9A19103F-16F7-4668-BE54-9A1E7A4F7556}") = "MatematicaClassLibrary", "MatematicaClassLibrary\MatematicaClassLibrary.csproj", "{313A3D7B-1735-42E9-9B05-2F44A7A54BD7}"
EndProject
Project("{2150E333-8FDC-42A3-9474-1A3956D46DE8}") = "docs", "docs", "{1471407A-791B-4371-96B3-1F71C2B6480D}"
EndProject
Project("{2150E333-8FDC-42A3-9474-1A3956D46DE8}") = "src", "src", "{152A499B-4DA6-4966-9BCD-A389F2E85F88}"
EndProject
Project("{FAE04EC0-301F-11D3-BF4B-00C04F79EFBC}") = "GeometriaClassLibrary", "GeometriaClassLibrary\GeometriaClassLibrary.csproj", "{1E3E08E9-1533-420D-8198-115C492DD481}"
EndProject
Global
	GlobalSection(SolutionConfigurationPlatforms) = preSolution
		Debug|Any CPU = Debug|Any CPU
		Release|Any CPU = Release|Any CPU
	EndGlobalSection
	GlobalSection(ProjectConfigurationPlatforms) = postSolution
		{00F945BA-3E03-4E6B-BDEB-0371CC3443EA}.Debug|Any CPU.ActiveCfg = Debug|Any CPU
		{00F945BA-3E03-4E6B-BDEB-0371CC3443EA}.Debug|Any CPU.Build.0 = Debug|Any CPU
		{00F945BA-3E03-4E6B-BDEB-0371CC3443EA}.Release|Any CPU.ActiveCfg = Release|Any CPU
		{00F945BA-3E03-4E6B-BDEB-0371CC3443EA}.Release|Any CPU.Build.0 = Release|Any CPU
		{E35F5E68-64D1-40AF-B200-856FD7D660C3}.Debug|Any CPU.ActiveCfg = Debug|Any CPU
		{E35F5E68-64D1-40AF-B200-856FD7D660C3}.Debug|Any CPU.Build.0 = Debug|Any CPU
		{E35F5E68-64D1-40AF-B200-856FD7D660C3}.Release|Any CPU.ActiveCfg = Release|Any CPU
		{E35F5E68-64D1-40AF-B200-856FD7D660C3}.Release|Any CPU.Build.0 = Release|Any CPU
		{313A3D7B-1735-42E9-9B05-2F44A7A54BD7}.Debug|Any CPU.ActiveCfg = Debug|Any CPU
		{313A3D7B-1735-42E9-9B05-2F44A7A54BD7}.Debug|Any CPU.Build.0 = Debug|Any CPU
		{313A3D7B-1735-42E9-9B05-2F44A7A54BD7}.Release|Any CPU.ActiveCfg = Release|Any CPU
		{313A3D7B-1735-42E9-9B05-2F44A7A54BD7}.Release|Any CPU.Build.0 = Release|Any CPU
		{1E3E08E9-1533-420D-8198-115C492DD481}.Debug|Any CPU.ActiveCfg = Debug|Any CPU
		{1E3E08E9-1533-420D-8198-115C492DD481}.Debug|Any CPU.Build.0 = Debug|Any CPU
		{1E3E08E9-1533-420D-8198-115C492DD481}.Release|Any CPU.ActiveCfg = Release|Any CPU
		{1E3E08E9-1533-420D-8198-115C492DD481}.Release|Any CPU.Build.0 = Release|Any CPU
	EndGlobalSection
	GlobalSection(SolutionProperties) = preSolution
		HideSolutionNode = FALSE
	EndGlobalSection
	GlobalSection(NestedProjects) = preSolution
		{1E3E08E9-1533-420D-8198-115C492DD481} = {152A499B-4DA6-4966-9BCD-A389F2E85F88}
	EndGlobalSection
	GlobalSection(ExtensibilityGlobals) = postSolution
		SolutionGuid = {177B5046-3DD2-43C5-9307-731674FC4092}
	EndGlobalSection
EndGlobal
